
Microsoft Visual Studio Solution File, Format Version 12.00
# Visual Studio Version 17
VisualStudioVersion = 17.4.33110.190
MinimumVisualStudioVersion = 10.0.40219.1
Project("{9A19103F-16F7-4668-BE54-9A1E7A4F7556}") = "eStoreAPI", "Assignment01Solution_HE161813\eStoreAPI.csproj", "{18CA3354-BEAF-493D-912E-4293A348F84E}"
EndProject
Project("{9A19103F-16F7-4668-BE54-9A1E7A4F7556}") = "eStoreClient", "eStoreClient\eStoreClient.csproj", "{D003F534-A2EB-4C63-83F8-1BAAD5706EC8}"
EndProject
Project("{9A19103F-16F7-4668-BE54-9A1E7A4F7556}") = "DataAccess", "DataAccess\DataAccess.csproj", "{906F8F98-97BC-4CD0-A213-E12B0BC4B9F4}"
EndProject
Project("{9A19103F-16F7-4668-BE54-9A1E7A4F7556}") = "BusinessObject", "BusinessObject\BusinessObject.csproj", "{CD4EE6DD-32B6-47C2-8E6C-4CA52A975606}"
EndProject
Project("{FAE04EC0-301F-11D3-BF4B-00C04F79EFBC}") = "Repository", "Repository\Repository.csproj", "{D3A112C7-9262-4B70-93D5-D9EBAD922784}"
EndProject
Global
	GlobalSection(SolutionConfigurationPlatforms) = preSolution
		Debug|Any CPU = Debug|Any CPU
		Release|Any CPU = Release|Any CPU
	EndGlobalSection
	GlobalSection(ProjectConfigurationPlatforms) = postSolution
		{18CA3354-BEAF-493D-912E-4293A348F84E}.Debug|Any CPU.ActiveCfg = Debug|Any CPU
		{18CA3354-BEAF-493D-912E-4293A348F84E}.Debug|Any CPU.Build.0 = Debug|Any CPU
		{18CA3354-BEAF-493D-912E-4293A348F84E}.Release|Any CPU.ActiveCfg = Release|Any CPU
		{18CA3354-BEAF-493D-912E-4293A348F84E}.Release|Any CPU.Build.0 = Release|Any CPU
		{D003F534-A2EB-4C63-83F8-1BAAD5706EC8}.Debug|Any CPU.ActiveCfg = Debug|Any CPU
		{D003F534-A2EB-4C63-83F8-1BAAD5706EC8}.Debug|Any CPU.Build.0 = Debug|Any CPU
		{D003F534-A2EB-4C63-83F8-1BAAD5706EC8}.Release|Any CPU.ActiveCfg = Release|Any CPU
		{D003F534-A2EB-4C63-83F8-1BAAD5706EC8}.Release|Any CPU.Build.0 = Release|Any CPU
		{906F8F98-97BC-4CD0-A213-E12B0BC4B9F4}.Debug|Any CPU.ActiveCfg = Debug|Any CPU
		{906F8F98-97BC-4CD0-A213-E12B0BC4B9F4}.Debug|Any CPU.Build.0 = Debug|Any CPU
		{906F8F98-97BC-4CD0-A213-E12B0BC4B9F4}.Release|Any CPU.ActiveCfg = Release|Any CPU
		{906F8F98-97BC-4CD0-A213-E12B0BC4B9F4}.Release|Any CPU.Build.0 = Release|Any CPU
		{CD4EE6DD-32B6-47C2-8E6C-4CA52A975606}.Debug|Any CPU.ActiveCfg = Debug|Any CPU
		{CD4EE6DD-32B6-47C2-8E6C-4CA52A975606}.Debug|Any CPU.Build.0 = Debug|Any CPU
		{CD4EE6DD-32B6-47C2-8E6C-4CA52A975606}.Release|Any CPU.ActiveCfg = Release|Any CPU
		{CD4EE6DD-32B6-47C2-8E6C-4CA52A975606}.Release|Any CPU.Build.0 = Release|Any CPU
		{D3A112C7-9262-4B70-93D5-D9EBAD922784}.Debug|Any CPU.ActiveCfg = Debug|Any CPU
		{D3A112C7-9262-4B70-93D5-D9EBAD922784}.Debug|Any CPU.Build.0 = Debug|Any CPU
		{D3A112C7-9262-4B70-93D5-D9EBAD922784}.Release|Any CPU.ActiveCfg = Release|Any CPU
		{D3A112C7-9262-4B70-93D5-D9EBAD922784}.Release|Any CPU.Build.0 = Release|Any CPU
	EndGlobalSection
	GlobalSection(SolutionProperties) = preSolution
		HideSolutionNode = FALSE
	EndGlobalSection
	GlobalSection(ExtensibilityGlobals) = postSolution
		SolutionGuid = {72FFF2AE-BF3E-42DA-8164-5E31F59C077D}
	EndGlobalSection
EndGlobal
